// !$*UTF8*$!
{
	archiveVersion = 1;
	classes = {
	};
	objectVersion = 52;
	objects = {

/* Begin PBXBuildFile section */
		A80EDCD2277BE901009D9F35 /* ViewModel.swift in Sources */ = {isa = PBXBuildFile; fileRef = A80EDCD1277BE901009D9F35 /* ViewModel.swift */; };
		A80EDCDA277BFA79009D9F35 /* MultiModuleSPMSampleTests.swift in Sources */ = {isa = PBXBuildFile; fileRef = A80EDCD9277BFA79009D9F35 /* MultiModuleSPMSampleTests.swift */; };
		A8C7767D26898837005C4CD2 /* MultiModuleSPMSampleApp.swift in Sources */ = {isa = PBXBuildFile; fileRef = A8C7767C26898837005C4CD2 /* MultiModuleSPMSampleApp.swift */; };
		A8C7767F26898837005C4CD2 /* ContentView.swift in Sources */ = {isa = PBXBuildFile; fileRef = A8C7767E26898837005C4CD2 /* ContentView.swift */; };
		A8C7768126898839005C4CD2 /* Assets.xcassets in Resources */ = {isa = PBXBuildFile; fileRef = A8C7768026898839005C4CD2 /* Assets.xcassets */; };
		A8C7768426898839005C4CD2 /* Preview Assets.xcassets in Resources */ = {isa = PBXBuildFile; fileRef = A8C7768326898839005C4CD2 /* Preview Assets.xcassets */; };
		A8C776922689899B005C4CD2 /* LibDomain in Frameworks */ = {isa = PBXBuildFile; productRef = A8C776912689899B005C4CD2 /* LibDomain */; };
/* End PBXBuildFile section */

/* Begin PBXContainerItemProxy section */
		A80EDCDB277BFA79009D9F35 /* PBXContainerItemProxy */ = {
			isa = PBXContainerItemProxy;
			containerPortal = A8C7767126898837005C4CD2 /* Project object */;
			proxyType = 1;
			remoteGlobalIDString = A8C7767826898837005C4CD2;
			remoteInfo = MultiModuleSPMSample;
		};
/* End PBXContainerItemProxy section */

/* Begin PBXFileReference section */
		A80EDCD1277BE901009D9F35 /* ViewModel.swift */ = {isa = PBXFileReference; lastKnownFileType = sourcecode.swift; path = ViewModel.swift; sourceTree = "<group>"; };
		A80EDCD7277BFA79009D9F35 /* MultiModuleSPMSampleTests.xctest */ = {isa = PBXFileReference; explicitFileType = wrapper.cfbundle; includeInIndex = 0; path = MultiModuleSPMSampleTests.xctest; sourceTree = BUILT_PRODUCTS_DIR; };
		A80EDCD9277BFA79009D9F35 /* MultiModuleSPMSampleTests.swift */ = {isa = PBXFileReference; lastKnownFileType = sourcecode.swift; path = MultiModuleSPMSampleTests.swift; sourceTree = "<group>"; };
		A80EDCE0277BFD58009D9F35 /* LibApi */ = {isa = PBXFileReference; lastKnownFileType = text; path = LibApi; sourceTree = SOURCE_ROOT; };
		A8C7767926898837005C4CD2 /* MultiModuleSPMSample.app */ = {isa = PBXFileReference; explicitFileType = wrapper.application; includeInIndex = 0; path = MultiModuleSPMSample.app; sourceTree = BUILT_PRODUCTS_DIR; };
		A8C7767C26898837005C4CD2 /* MultiModuleSPMSampleApp.swift */ = {isa = PBXFileReference; lastKnownFileType = sourcecode.swift; path = MultiModuleSPMSampleApp.swift; sourceTree = "<group>"; };
		A8C7767E26898837005C4CD2 /* ContentView.swift */ = {isa = PBXFileReference; lastKnownFileType = sourcecode.swift; path = ContentView.swift; sourceTree = "<group>"; };
		A8C7768026898839005C4CD2 /* Assets.xcassets */ = {isa = PBXFileReference; lastKnownFileType = folder.assetcatalog; path = Assets.xcassets; sourceTree = "<group>"; };
		A8C7768326898839005C4CD2 /* Preview Assets.xcassets */ = {isa = PBXFileReference; lastKnownFileType = folder.assetcatalog; path = "Preview Assets.xcassets"; sourceTree = "<group>"; };
		A8C7768526898839005C4CD2 /* Info.plist */ = {isa = PBXFileReference; lastKnownFileType = text.plist.xml; path = Info.plist; sourceTree = "<group>"; };
		A8C7768C268988D8005C4CD2 /* LibInfra */ = {isa = PBXFileReference; lastKnownFileType = text; path = LibInfra; sourceTree = SOURCE_ROOT; };
		A8C7768D268988EA005C4CD2 /* LibDomain */ = {isa = PBXFileReference; lastKnownFileType = text; path = LibDomain; sourceTree = SOURCE_ROOT; };
/* End PBXFileReference section */

/* Begin PBXFrameworksBuildPhase section */
		A80EDCD4277BFA79009D9F35 /* Frameworks */ = {
			isa = PBXFrameworksBuildPhase;
			buildActionMask = 2147483647;
			files = (
			);
			runOnlyForDeploymentPostprocessing = 0;
		};
		A8C7767626898837005C4CD2 /* Frameworks */ = {
			isa = PBXFrameworksBuildPhase;
			buildActionMask = 2147483647;
			files = (
				A8C776922689899B005C4CD2 /* LibDomain in Frameworks */,
			);
			runOnlyForDeploymentPostprocessing = 0;
		};
/* End PBXFrameworksBuildPhase section */

/* Begin PBXGroup section */
		A80EDCD8277BFA79009D9F35 /* MultiModuleSPMSampleTests */ = {
			isa = PBXGroup;
			children = (
				A80EDCD9277BFA79009D9F35 /* MultiModuleSPMSampleTests.swift */,
			);
			path = MultiModuleSPMSampleTests;
			sourceTree = "<group>";
		};
		A8C7767026898837005C4CD2 = {
			isa = PBXGroup;
			children = (
				A8C7767B26898837005C4CD2 /* MultiModuleSPMSample */,
				A80EDCD8277BFA79009D9F35 /* MultiModuleSPMSampleTests */,
				A8C7767A26898837005C4CD2 /* Products */,
				A8C7768E2689899B005C4CD2 /* Frameworks */,
			);
			sourceTree = "<group>";
		};
		A8C7767A26898837005C4CD2 /* Products */ = {
			isa = PBXGroup;
			children = (
				A8C7767926898837005C4CD2 /* MultiModuleSPMSample.app */,
				A80EDCD7277BFA79009D9F35 /* MultiModuleSPMSampleTests.xctest */,
			);
			name = Products;
			sourceTree = "<group>";
		};
		A8C7767B26898837005C4CD2 /* MultiModuleSPMSample */ = {
			isa = PBXGroup;
			children = (
				A80EDCE0277BFD58009D9F35 /* LibApi */,
				A8C7768D268988EA005C4CD2 /* LibDomain */,
				A8C7768C268988D8005C4CD2 /* LibInfra */,
				A8C7767C26898837005C4CD2 /* MultiModuleSPMSampleApp.swift */,
				A8C7767E26898837005C4CD2 /* ContentView.swift */,
				A80EDCD1277BE901009D9F35 /* ViewModel.swift */,
				A8C7768026898839005C4CD2 /* Assets.xcassets */,
				A8C7768526898839005C4CD2 /* Info.plist */,
				A8C7768226898839005C4CD2 /* Preview Content */,
			);
			path = MultiModuleSPMSample;
			sourceTree = "<group>";
		};
		A8C7768226898839005C4CD2 /* Preview Content */ = {
			isa = PBXGroup;
			children = (
				A8C7768326898839005C4CD2 /* Preview Assets.xcassets */,
			);
			path = "Preview Content";
			sourceTree = "<group>";
		};
		A8C7768E2689899B005C4CD2 /* Frameworks */ = {
			isa = PBXGroup;
			children = (
			);
			name = Frameworks;
			sourceTree = "<group>";
		};
/* End PBXGroup section */

/* Begin PBXNativeTarget section */
		A80EDCD6277BFA79009D9F35 /* MultiModuleSPMSampleTests */ = {
			isa = PBXNativeTarget;
			buildConfigurationList = A80EDCDD277BFA79009D9F35 /* Build configuration list for PBXNativeTarget "MultiModuleSPMSampleTests" */;
			buildPhases = (
				A80EDCD3277BFA79009D9F35 /* Sources */,
				A80EDCD4277BFA79009D9F35 /* Frameworks */,
				A80EDCD5277BFA79009D9F35 /* Resources */,
			);
			buildRules = (
			);
			dependencies = (
				A80EDCDC277BFA79009D9F35 /* PBXTargetDependency */,
			);
			name = MultiModuleSPMSampleTests;
			productName = MultiModuleSPMSampleTests;
			productReference = A80EDCD7277BFA79009D9F35 /* MultiModuleSPMSampleTests.xctest */;
			productType = "com.apple.product-type.bundle.unit-test";
		};
		A8C7767826898837005C4CD2 /* MultiModuleSPMSample */ = {
			isa = PBXNativeTarget;
			buildConfigurationList = A8C7768826898839005C4CD2 /* Build configuration list for PBXNativeTarget "MultiModuleSPMSample" */;
			buildPhases = (
				A8C7767526898837005C4CD2 /* Sources */,
				A8C7767626898837005C4CD2 /* Frameworks */,
				A8C7767726898837005C4CD2 /* Resources */,
			);
			buildRules = (
			);
			dependencies = (
			);
			name = MultiModuleSPMSample;
			packageProductDependencies = (
				A8C776912689899B005C4CD2 /* LibDomain */,
			);
			productName = MultiModuleSPMSample;
			productReference = A8C7767926898837005C4CD2 /* MultiModuleSPMSample.app */;
			productType = "com.apple.product-type.application";
		};
/* End PBXNativeTarget section */

/* Begin PBXProject section */
		A8C7767126898837005C4CD2 /* Project object */ = {
			isa = PBXProject;
			attributes = {
				LastSwiftUpdateCheck = 1320;
				LastUpgradeCheck = 1250;
				TargetAttributes = {
					A80EDCD6277BFA79009D9F35 = {
						CreatedOnToolsVersion = 13.2;
						TestTargetID = A8C7767826898837005C4CD2;
					};
					A8C7767826898837005C4CD2 = {
						CreatedOnToolsVersion = 12.5.1;
					};
				};
			};
			buildConfigurationList = A8C7767426898837005C4CD2 /* Build configuration list for PBXProject "MultiModuleSPMSample" */;
			compatibilityVersion = "Xcode 9.3";
			developmentRegion = en;
			hasScannedForEncodings = 0;
			knownRegions = (
				en,
				Base,
			);
			mainGroup = A8C7767026898837005C4CD2;
			productRefGroup = A8C7767A26898837005C4CD2 /* Products */;
			projectDirPath = "";
			projectRoot = "";
			targets = (
				A8C7767826898837005C4CD2 /* MultiModuleSPMSample */,
				A80EDCD6277BFA79009D9F35 /* MultiModuleSPMSampleTests */,
			);
		};
/* End PBXProject section */

/* Begin PBXResourcesBuildPhase section */
		A80EDCD5277BFA79009D9F35 /* Resources */ = {
			isa = PBXResourcesBuildPhase;
			buildActionMask = 2147483647;
			files = (
			);
			runOnlyForDeploymentPostprocessing = 0;
		};
		A8C7767726898837005C4CD2 /* Resources */ = {
			isa = PBXResourcesBuildPhase;
			buildActionMask = 2147483647;
			files = (
				A8C7768426898839005C4CD2 /* Preview Assets.xcassets in Resources */,
				A8C7768126898839005C4CD2 /* Assets.xcassets in Resources */,
			);
			runOnlyForDeploymentPostprocessing = 0;
		};
/* End PBXResourcesBuildPhase section */

/* Begin PBXSourcesBuildPhase section */
		A80EDCD3277BFA79009D9F35 /* Sources */ = {
			isa = PBXSourcesBuildPhase;
			buildActionMask = 2147483647;
			files = (
				A80EDCDA277BFA79009D9F35 /* MultiModuleSPMSampleTests.swift in Sources */,
			);
			runOnlyForDeploymentPostprocessing = 0;
		};
		A8C7767526898837005C4CD2 /* Sources */ = {
			isa = PBXSourcesBuildPhase;
			buildActionMask = 2147483647;
			files = (
				A8C7767F26898837005C4CD2 /* ContentView.swift in Sources */,
				A80EDCD2277BE901009D9F35 /* ViewModel.swift in Sources */,
				A8C7767D26898837005C4CD2 /* MultiModuleSPMSampleApp.swift in Sources */,
			);
			runOnlyForDeploymentPostprocessing = 0;
		};
/* End PBXSourcesBuildPhase section */

/* Begin PBXTargetDependency section */
		A80EDCDC277BFA79009D9F35 /* PBXTargetDependency */ = {
			isa = PBXTargetDependency;
			target = A8C7767826898837005C4CD2 /* MultiModuleSPMSample */;
			targetProxy = A80EDCDB277BFA79009D9F35 /* PBXContainerItemProxy */;
		};
/* End PBXTargetDependency section */

/* Begin XCBuildConfiguration section */
		A80EDCDE277BFA79009D9F35 /* Debug */ = {
			isa = XCBuildConfiguration;
			buildSettings = {
				BUNDLE_LOADER = "$(TEST_HOST)";
				CLANG_CXX_LANGUAGE_STANDARD = "gnu++17";
				CODE_SIGN_STYLE = Automatic;
				CURRENT_PROJECT_VERSION = 1;
				DEVELOPMENT_TEAM = VSQNCLF8F9;
				GENERATE_INFOPLIST_FILE = YES;
				IPHONEOS_DEPLOYMENT_TARGET = 15.2;
				MARKETING_VERSION = 1.0;
				PRODUCT_BUNDLE_IDENTIFIER = biz.usk.MultiModuleSPMSampleTests;
				PRODUCT_NAME = "$(TARGET_NAME)";
				SWIFT_EMIT_LOC_STRINGS = NO;
				SWIFT_VERSION = 5.0;
				TARGETED_DEVICE_FAMILY = "1,2";
				TEST_HOST = "$(BUILT_PRODUCTS_DIR)/MultiModuleSPMSample.app/MultiModuleSPMSample";
			};
			name = Debug;
		};
		A80EDCDF277BFA79009D9F35 /* Release */ = {
			isa = XCBuildConfiguration;
			buildSettings = {
				BUNDLE_LOADER = "$(TEST_HOST)";
				CLANG_CXX_LANGUAGE_STANDARD = "gnu++17";
				CODE_SIGN_STYLE = Automatic;
				CURRENT_PROJECT_VERSION = 1;
				DEVELOPMENT_TEAM = VSQNCLF8F9;
				GENERATE_INFOPLIST_FILE = YES;
				IPHONEOS_DEPLOYMENT_TARGET = 15.2;
				MARKETING_VERSION = 1.0;
				PRODUCT_BUNDLE_IDENTIFIER = biz.usk.MultiModuleSPMSampleTests;
				PRODUCT_NAME = "$(TARGET_NAME)";
				SWIFT_EMIT_LOC_STRINGS = NO;
				SWIFT_VERSION = 5.0;
				TARGETED_DEVICE_FAMILY = "1,2";
				TEST_HOST = "$(BUILT_PRODUCTS_DIR)/MultiModuleSPMSample.app/MultiModuleSPMSample";
			};
			name = Release;
		};
		A8C7768626898839005C4CD2 /* Debug */ = {
			isa = XCBuildConfiguration;
			buildSettings = {
				ALWAYS_SEARCH_USER_PATHS = NO;
				CLANG_ANALYZER_NONNULL = YES;
				CLANG_ANALYZER_NUMBER_OBJECT_CONVERSION = YES_AGGRESSIVE;
				CLANG_CXX_LANGUAGE_STANDARD = "gnu++14";
				CLANG_CXX_LIBRARY = "libc++";
				CLANG_ENABLE_MODULES = YES;
				CLANG_ENABLE_OBJC_ARC = YES;
				CLANG_ENABLE_OBJC_WEAK = YES;
				CLANG_WARN_BLOCK_CAPTURE_AUTORELEASING = YES;
				CLANG_WARN_BOOL_CONVERSION = YES;
				CLANG_WARN_COMMA = YES;
				CLANG_WARN_CONSTANT_CONVERSION = YES;
				CLANG_WARN_DEPRECATED_OBJC_IMPLEMENTATIONS = YES;
				CLANG_WARN_DIRECT_OBJC_ISA_USAGE = YES_ERROR;
				CLANG_WARN_DOCUMENTATION_COMMENTS = YES;
				CLANG_WARN_EMPTY_BODY = YES;
				CLANG_WARN_ENUM_CONVERSION = YES;
				CLANG_WARN_INFINITE_RECURSION = YES;
				CLANG_WARN_INT_CONVERSION = YES;
				CLANG_WARN_NON_LITERAL_NULL_CONVERSION = YES;
				CLANG_WARN_OBJC_IMPLICIT_RETAIN_SELF = YES;
				CLANG_WARN_OBJC_LITERAL_CONVERSION = YES;
				CLANG_WARN_OBJC_ROOT_CLASS = YES_ERROR;
				CLANG_WARN_QUOTED_INCLUDE_IN_FRAMEWORK_HEADER = YES;
				CLANG_WARN_RANGE_LOOP_ANALYSIS = YES;
				CLANG_WARN_STRICT_PROTOTYPES = YES;
				CLANG_WARN_SUSPICIOUS_MOVE = YES;
				CLANG_WARN_UNGUARDED_AVAILABILITY = YES_AGGRESSIVE;
				CLANG_WARN_UNREACHABLE_CODE = YES;
				CLANG_WARN__DUPLICATE_METHOD_MATCH = YES;
				COPY_PHASE_STRIP = NO;
				DEBUG_INFORMATION_FORMAT = dwarf;
				ENABLE_STRICT_OBJC_MSGSEND = YES;
				ENABLE_TESTABILITY = YES;
				GCC_C_LANGUAGE_STANDARD = gnu11;
				GCC_DYNAMIC_NO_PIC = NO;
				GCC_NO_COMMON_BLOCKS = YES;
				GCC_OPTIMIZATION_LEVEL = 0;
				GCC_PREPROCESSOR_DEFINITIONS = (
					"DEBUG=1",
					"$(inherited)",
				);
				GCC_WARN_64_TO_32_BIT_CONVERSION = YES;
				GCC_WARN_ABOUT_RETURN_TYPE = YES_ERROR;
				GCC_WARN_UNDECLARED_SELECTOR = YES;
				GCC_WARN_UNINITIALIZED_AUTOS = YES_AGGRESSIVE;
				GCC_WARN_UNUSED_FUNCTION = YES;
				GCC_WARN_UNUSED_VARIABLE = YES;
				IPHONEOS_DEPLOYMENT_TARGET = 14.5;
				MTL_ENABLE_DEBUG_INFO = INCLUDE_SOURCE;
				MTL_FAST_MATH = YES;
				ONLY_ACTIVE_ARCH = YES;
				SDKROOT = iphoneos;
				SWIFT_ACTIVE_COMPILATION_CONDITIONS = DEBUG;
				SWIFT_OPTIMIZATION_LEVEL = "-Onone";
			};
			name = Debug;
		};
		A8C7768726898839005C4CD2 /* Release */ = {
			isa = XCBuildConfiguration;
			buildSettings = {
				ALWAYS_SEARCH_USER_PATHS = NO;
				CLANG_ANALYZER_NONNULL = YES;
				CLANG_ANALYZER_NUMBER_OBJECT_CONVERSION = YES_AGGRESSIVE;
				CLANG_CXX_LANGUAGE_STANDARD = "gnu++14";
				CLANG_CXX_LIBRARY = "libc++";
				CLANG_ENABLE_MODULES = YES;
				CLANG_ENABLE_OBJC_ARC = YES;
				CLANG_ENABLE_OBJC_WEAK = YES;
				CLANG_WARN_BLOCK_CAPTURE_AUTORELEASING = YES;
				CLANG_WARN_BOOL_CONVERSION = YES;
				CLANG_WARN_COMMA = YES;
				CLANG_WARN_CONSTANT_CONVERSION = YES;
				CLANG_WARN_DEPRECATED_OBJC_IMPLEMENTATIONS = YES;
				CLANG_WARN_DIRECT_OBJC_ISA_USAGE = YES_ERROR;
				CLANG_WARN_DOCUMENTATION_COMMENTS = YES;
				CLANG_WARN_EMPTY_BODY = YES;
				CLANG_WARN_ENUM_CONVERSION = YES;
				CLANG_WARN_INFINITE_RECURSION = YES;
				CLANG_WARN_INT_CONVERSION = YES;
				CLANG_WARN_NON_LITERAL_NULL_CONVERSION = YES;
				CLANG_WARN_OBJC_IMPLICIT_RETAIN_SELF = YES;
				CLANG_WARN_OBJC_LITERAL_CONVERSION = YES;
				CLANG_WARN_OBJC_ROOT_CLASS = YES_ERROR;
				CLANG_WARN_QUOTED_INCLUDE_IN_FRAMEWORK_HEADER = YES;
				CLANG_WARN_RANGE_LOOP_ANALYSIS = YES;
				CLANG_WARN_STRICT_PROTOTYPES = YES;
				CLANG_WARN_SUSPICIOUS_MOVE = YES;
				CLANG_WARN_UNGUARDED_AVAILABILITY = YES_AGGRESSIVE;
				CLANG_WARN_UNREACHABLE_CODE = YES;
				CLANG_WARN__DUPLICATE_METHOD_MATCH = YES;
				COPY_PHASE_STRIP = NO;
				DEBUG_INFORMATION_FORMAT = "dwarf-with-dsym";
				ENABLE_NS_ASSERTIONS = NO;
				ENABLE_STRICT_OBJC_MSGSEND = YES;
				GCC_C_LANGUAGE_STANDARD = gnu11;
				GCC_NO_COMMON_BLOCKS = YES;
				GCC_WARN_64_TO_32_BIT_CONVERSION = YES;
				GCC_WARN_ABOUT_RETURN_TYPE = YES_ERROR;
				GCC_WARN_UNDECLARED_SELECTOR = YES;
				GCC_WARN_UNINITIALIZED_AUTOS = YES_AGGRESSIVE;
				GCC_WARN_UNUSED_FUNCTION = YES;
				GCC_WARN_UNUSED_VARIABLE = YES;
				IPHONEOS_DEPLOYMENT_TARGET = 14.5;
				MTL_ENABLE_DEBUG_INFO = NO;
				MTL_FAST_MATH = YES;
				SDKROOT = iphoneos;
				SWIFT_COMPILATION_MODE = wholemodule;
				SWIFT_OPTIMIZATION_LEVEL = "-O";
				VALIDATE_PRODUCT = YES;
			};
			name = Release;
		};
		A8C7768926898839005C4CD2 /* Debug */ = {
			isa = XCBuildConfiguration;
			buildSettings = {
				ASSETCATALOG_COMPILER_APPICON_NAME = AppIcon;
				ASSETCATALOG_COMPILER_GLOBAL_ACCENT_COLOR_NAME = AccentColor;
				CODE_SIGN_STYLE = Automatic;
				DEVELOPMENT_ASSET_PATHS = "\"MultiModuleSPMSample/Preview Content\"";
				ENABLE_PREVIEWS = YES;
				INFOPLIST_FILE = MultiModuleSPMSample/Info.plist;
				IPHONEOS_DEPLOYMENT_TARGET = 14.0;
				LD_RUNPATH_SEARCH_PATHS = (
					"$(inherited)",
					"@executable_path/Frameworks",
				);
				PRODUCT_BUNDLE_IDENTIFIER = biz.usk.MultiModuleSPMSample;
				PRODUCT_NAME = "$(TARGET_NAME)";
				SWIFT_VERSION = 5.0;
				TARGETED_DEVICE_FAMILY = "1,2";
			};
			name = Debug;
		};
		A8C7768A26898839005C4CD2 /* Release */ = {
			isa = XCBuildConfiguration;
			buildSettings = {
				ASSETCATALOG_COMPILER_APPICON_NAME = AppIcon;
				ASSETCATALOG_COMPILER_GLOBAL_ACCENT_COLOR_NAME = AccentColor;
				CODE_SIGN_STYLE = Automatic;
				DEVELOPMENT_ASSET_PATHS = "\"MultiModuleSPMSample/Preview Content\"";
				ENABLE_PREVIEWS = YES;
				INFOPLIST_FILE = MultiModuleSPMSample/Info.plist;
				IPHONEOS_DEPLOYMENT_TARGET = 14.0;
				LD_RUNPATH_SEARCH_PATHS = (
					"$(inherited)",
					"@executable_path/Frameworks",
				);
				PRODUCT_BUNDLE_IDENTIFIER = biz.usk.MultiModuleSPMSample;
				PRODUCT_NAME = "$(TARGET_NAME)";
				SWIFT_VERSION = 5.0;
				TARGETED_DEVICE_FAMILY = "1,2";
			};
			name = Release;
		};
/* End XCBuildConfiguration section */

/* Begin XCConfigurationList section */
		A80EDCDD277BFA79009D9F35 /* Build configuration list for PBXNativeTarget "MultiModuleSPMSampleTests" */ = {
			isa = XCConfigurationList;
			buildConfigurations = (
				A80EDCDE277BFA79009D9F35 /* Debug */,
				A80EDCDF277BFA79009D9F35 /* Release */,
			);
			defaultConfigurationIsVisible = 0;
			defaultConfigurationName = Release;
		};
		A8C7767426898837005C4CD2 /* Build configuration list for PBXProject "MultiModuleSPMSample" */ = {
			isa = XCConfigurationList;
			buildConfigurations = (
				A8C7768626898839005C4CD2 /* Debug */,
				A8C7768726898839005C4CD2 /* Release */,
			);
			defaultConfigurationIsVisible = 0;
			defaultConfigurationName = Release;
		};
		A8C7768826898839005C4CD2 /* Build configuration list for PBXNativeTarget "MultiModuleSPMSample" */ = {
			isa = XCConfigurationList;
			buildConfigurations = (
				A8C7768926898839005C4CD2 /* Debug */,
				A8C7768A26898839005C4CD2 /* Release */,
			);
			defaultConfigurationIsVisible = 0;
			defaultConfigurationName = Release;
		};
/* End XCConfigurationList section */

/* Begin XCSwiftPackageProductDependency section */
		A8C776912689899B005C4CD2 /* LibDomain */ = {
			isa = XCSwiftPackageProductDependency;
			productName = LibDomain;
		};
/* End XCSwiftPackageProductDependency section */
	};
	rootObject = A8C7767126898837005C4CD2 /* Project object */;
}
